
Microsoft Visual Studio Solution File, Format Version 12.00
Project("{FAE04EC0-301F-11D3-BF4B-00C04F79EFBC}") = "RYMtool.API", "RYMtool.API\RYMtool.API.csproj", "{F59F8E4D-8929-468A-9E58-A7F50223F36B}"
EndProject
Project("{FAE04EC0-301F-11D3-BF4B-00C04F79EFBC}") = "RYMtool.Infrastructure", "RYMtool.Infrastructure\RYMtool.Infrastructure.csproj", "{55597066-1830-43BF-B682-613B10D18966}"
EndProject
Project("{FAE04EC0-301F-11D3-BF4B-00C04F79EFBC}") = "RYMtool.Core", "RYMtool.Core\RYMtool.Core.csproj", "{A8D7EDBC-6D44-442A-A404-F9511BDD2699}"
EndProject
Global
	GlobalSection(SolutionConfigurationPlatforms) = preSolution
		Debug|Any CPU = Debug|Any CPU
		Release|Any CPU = Release|Any CPU
	EndGlobalSection
	GlobalSection(ProjectConfigurationPlatforms) = postSolution
		{F59F8E4D-8929-468A-9E58-A7F50223F36B}.Debug|Any CPU.ActiveCfg = Debug|Any CPU
		{F59F8E4D-8929-468A-9E58-A7F50223F36B}.Debug|Any CPU.Build.0 = Debug|Any CPU
		{F59F8E4D-8929-468A-9E58-A7F50223F36B}.Release|Any CPU.ActiveCfg = Release|Any CPU
		{F59F8E4D-8929-468A-9E58-A7F50223F36B}.Release|Any CPU.Build.0 = Release|Any CPU
		{55597066-1830-43BF-B682-613B10D18966}.Debug|Any CPU.ActiveCfg = Debug|Any CPU
		{55597066-1830-43BF-B682-613B10D18966}.Debug|Any CPU.Build.0 = Debug|Any CPU
		{55597066-1830-43BF-B682-613B10D18966}.Release|Any CPU.ActiveCfg = Release|Any CPU
		{55597066-1830-43BF-B682-613B10D18966}.Release|Any CPU.Build.0 = Release|Any CPU
		{A8D7EDBC-6D44-442A-A404-F9511BDD2699}.Debug|Any CPU.ActiveCfg = Debug|Any CPU
		{A8D7EDBC-6D44-442A-A404-F9511BDD2699}.Debug|Any CPU.Build.0 = Debug|Any CPU
		{A8D7EDBC-6D44-442A-A404-F9511BDD2699}.Release|Any CPU.ActiveCfg = Release|Any CPU
		{A8D7EDBC-6D44-442A-A404-F9511BDD2699}.Release|Any CPU.Build.0 = Release|Any CPU
	EndGlobalSection
EndGlobal
